// !$*UTF8*$!
{
	archiveVersion = 1;
	classes = {
	};
	objectVersion = 46;
	objects = {

/* Begin PBXBuildFile section */
		55FD99191F63F304004950DD /* AppDelegate.swift in Sources */ = {isa = PBXBuildFile; fileRef = 55FD99181F63F304004950DD /* AppDelegate.swift */; };
		55FD99351F63F5AE004950DD /* advices.json in Resources */ = {isa = PBXBuildFile; fileRef = 55FD99341F63F5AE004950DD /* advices.json */; };
		55FD99371F63F5BD004950DD /* Info.plist in Resources */ = {isa = PBXBuildFile; fileRef = 55FD99361F63F5BD004950DD /* Info.plist */; };
		55FD993C1F63F5D9004950DD /* LaunchScreen.storyboard in Resources */ = {isa = PBXBuildFile; fileRef = 55FD99381F63F5D9004950DD /* LaunchScreen.storyboard */; };
		55FD993D1F63F5D9004950DD /* Main.storyboard in Resources */ = {isa = PBXBuildFile; fileRef = 55FD993A1F63F5D9004950DD /* Main.storyboard */; };
		55FD993F1F63F611004950DD /* AdviceService.swift in Sources */ = {isa = PBXBuildFile; fileRef = 55FD993E1F63F611004950DD /* AdviceService.swift */; };
		55FD99411F63F629004950DD /* Advice.swift in Sources */ = {isa = PBXBuildFile; fileRef = 55FD99401F63F629004950DD /* Advice.swift */; };
		55FD99451F63F696004950DD /* RandomAdviceViewModel.swift in Sources */ = {isa = PBXBuildFile; fileRef = 55FD99441F63F696004950DD /* RandomAdviceViewModel.swift */; };
		55FD99471F63F6B5004950DD /* RandomAdviceViewController.swift in Sources */ = {isa = PBXBuildFile; fileRef = 55FD99461F63F6B5004950DD /* RandomAdviceViewController.swift */; };
/* End PBXBuildFile section */

/* Begin PBXFileReference section */
		55FD99151F63F304004950DD /* project02.app */ = {isa = PBXFileReference; explicitFileType = wrapper.application; includeInIndex = 0; path = project02.app; sourceTree = BUILT_PRODUCTS_DIR; };
		55FD99181F63F304004950DD /* AppDelegate.swift */ = {isa = PBXFileReference; lastKnownFileType = sourcecode.swift; path = AppDelegate.swift; sourceTree = "<group>"; };
		55FD99341F63F5AE004950DD /* advices.json */ = {isa = PBXFileReference; fileEncoding = 4; lastKnownFileType = text.json; name = advices.json; path = "AppResources/Supporting files/json/advices.json"; sourceTree = "<group>"; };
		55FD99361F63F5BD004950DD /* Info.plist */ = {isa = PBXFileReference; fileEncoding = 4; lastKnownFileType = text.plist.xml; name = Info.plist; path = "AppResources/Supporting files/Info.plist"; sourceTree = "<group>"; };
		55FD99391F63F5D9004950DD /* Base */ = {isa = PBXFileReference; lastKnownFileType = file.storyboard; name = Base; path = AppResources/Storyboards/Base.lproj/LaunchScreen.storyboard; sourceTree = "<group>"; };
		55FD993B1F63F5D9004950DD /* Base */ = {isa = PBXFileReference; lastKnownFileType = file.storyboard; name = Base; path = AppResources/Storyboards/Base.lproj/Main.storyboard; sourceTree = "<group>"; };
		55FD993E1F63F611004950DD /* AdviceService.swift */ = {isa = PBXFileReference; fileEncoding = 4; lastKnownFileType = sourcecode.swift; name = AdviceService.swift; path = Services/AdviceService.swift; sourceTree = "<group>"; };
		55FD99401F63F629004950DD /* Advice.swift */ = {isa = PBXFileReference; fileEncoding = 4; lastKnownFileType = sourcecode.swift; name = Advice.swift; path = Models/Advice.swift; sourceTree = "<group>"; };
		55FD99441F63F696004950DD /* RandomAdviceViewModel.swift */ = {isa = PBXFileReference; fileEncoding = 4; lastKnownFileType = sourcecode.swift; name = RandomAdviceViewModel.swift; path = Screens/RandomAdvice/RandomAdviceViewModel.swift; sourceTree = "<group>"; };
		55FD99461F63F6B5004950DD /* RandomAdviceViewController.swift */ = {isa = PBXFileReference; fileEncoding = 4; lastKnownFileType = sourcecode.swift; name = RandomAdviceViewController.swift; path = Screens/RandomAdvice/RandomAdviceViewController.swift; sourceTree = "<group>"; };
/* End PBXFileReference section */

/* Begin PBXFrameworksBuildPhase section */
		55FD99121F63F304004950DD /* Frameworks */ = {
			isa = PBXFrameworksBuildPhase;
			buildActionMask = 2147483647;
			files = (
			);
			runOnlyForDeploymentPostprocessing = 0;
		};
/* End PBXFrameworksBuildPhase section */

/* Begin PBXGroup section */
		55FD990C1F63F304004950DD = {
			isa = PBXGroup;
			children = (
				55FD99171F63F304004950DD /* project02 */,
				55FD99161F63F304004950DD /* Products */,
			);
			sourceTree = "<group>";
		};
		55FD99161F63F304004950DD /* Products */ = {
			isa = PBXGroup;
			children = (
				55FD99151F63F304004950DD /* project02.app */,
			);
			name = Products;
			sourceTree = "<group>";
		};
		55FD99171F63F304004950DD /* project02 */ = {
			isa = PBXGroup;
			children = (
				55FD99181F63F304004950DD /* AppDelegate.swift */,
				55FD992A1F63F3FF004950DD /* AppResources */,
				55FD99311F63F450004950DD /* Screens */,
				55FD992F1F63F43A004950DD /* Services */,
				55FD992E1F63F42E004950DD /* Models */,
			);
			path = project02;
			sourceTree = "<group>";
		};
		55FD992A1F63F3FF004950DD /* AppResources */ = {
			isa = PBXGroup;
			children = (
				55FD992C1F63F412004950DD /* Supporting files */,
				55FD992B1F63F409004950DD /* Storyboards */,
			);
			name = AppResources;
			sourceTree = "<group>";
		};
		55FD992B1F63F409004950DD /* Storyboards */ = {
			isa = PBXGroup;
			children = (
				55FD99381F63F5D9004950DD /* LaunchScreen.storyboard */,
				55FD993A1F63F5D9004950DD /* Main.storyboard */,
			);
			name = Storyboards;
			sourceTree = "<group>";
		};
		55FD992C1F63F412004950DD /* Supporting files */ = {
			isa = PBXGroup;
			children = (
				55FD992D1F63F41D004950DD /* json */,
				55FD99361F63F5BD004950DD /* Info.plist */,
			);
			name = "Supporting files";
			sourceTree = "<group>";
		};
		55FD992D1F63F41D004950DD /* json */ = {
			isa = PBXGroup;
			children = (
				55FD99341F63F5AE004950DD /* advices.json */,
			);
			name = json;
			sourceTree = "<group>";
		};
		55FD992E1F63F42E004950DD /* Models */ = {
			isa = PBXGroup;
			children = (
				55FD99401F63F629004950DD /* Advice.swift */,
			);
			name = Models;
			sourceTree = "<group>";
		};
		55FD992F1F63F43A004950DD /* Services */ = {
			isa = PBXGroup;
			children = (
				55FD993E1F63F611004950DD /* AdviceService.swift */,
			);
			name = Services;
			sourceTree = "<group>";
		};
		55FD99311F63F450004950DD /* Screens */ = {
			isa = PBXGroup;
			children = (
				55FD99321F63F461004950DD /* RandomAdvice */,
			);
			name = Screens;
			sourceTree = "<group>";
		};
		55FD99321F63F461004950DD /* RandomAdvice */ = {
			isa = PBXGroup;
			children = (
				55FD99461F63F6B5004950DD /* RandomAdviceViewController.swift */,
				55FD99441F63F696004950DD /* RandomAdviceViewModel.swift */,
			);
			name = RandomAdvice;
			sourceTree = "<group>";
		};
/* End PBXGroup section */

/* Begin PBXNativeTarget section */
		55FD99141F63F304004950DD /* project02 */ = {
			isa = PBXNativeTarget;
			buildConfigurationList = 55FD99271F63F305004950DD /* Build configuration list for PBXNativeTarget "project02" */;
			buildPhases = (
				55FD99111F63F304004950DD /* Sources */,
				55FD99121F63F304004950DD /* Frameworks */,
				55FD99131F63F304004950DD /* Resources */,
			);
			buildRules = (
			);
			dependencies = (
			);
			name = project02;
			productName = project02;
			productReference = 55FD99151F63F304004950DD /* project02.app */;
			productType = "com.apple.product-type.application";
		};
/* End PBXNativeTarget section */

/* Begin PBXProject section */
		55FD990D1F63F304004950DD /* Project object */ = {
			isa = PBXProject;
			attributes = {
				LastSwiftUpdateCheck = 0830;
				LastUpgradeCheck = 0830;
				ORGANIZATIONNAME = "Andrey Dubov";
				TargetAttributes = {
					55FD99141F63F304004950DD = {
						CreatedOnToolsVersion = 8.3.1;
						ProvisioningStyle = Automatic;
					};
				};
			};
			buildConfigurationList = 55FD99101F63F304004950DD /* Build configuration list for PBXProject "project02" */;
			compatibilityVersion = "Xcode 3.2";
			developmentRegion = English;
			hasScannedForEncodings = 0;
			knownRegions = (
				en,
				Base,
			);
			mainGroup = 55FD990C1F63F304004950DD;
			productRefGroup = 55FD99161F63F304004950DD /* Products */;
			projectDirPath = "";
			projectRoot = "";
			targets = (
				55FD99141F63F304004950DD /* project02 */,
			);
		};
/* End PBXProject section */

/* Begin PBXResourcesBuildPhase section */
		55FD99131F63F304004950DD /* Resources */ = {
			isa = PBXResourcesBuildPhase;
			buildActionMask = 2147483647;
			files = (
				55FD993C1F63F5D9004950DD /* LaunchScreen.storyboard in Resources */,
				55FD99371F63F5BD004950DD /* Info.plist in Resources */,
				55FD99351F63F5AE004950DD /* advices.json in Resources */,
				55FD993D1F63F5D9004950DD /* Main.storyboard in Resources */,
			);
			runOnlyForDeploymentPostprocessing = 0;
		};
/* End PBXResourcesBuildPhase section */

/* Begin PBXSourcesBuildPhase section */
		55FD99111F63F304004950DD /* Sources */ = {
			isa = PBXSourcesBuildPhase;
			buildActionMask = 2147483647;
			files = (
				55FD99451F63F696004950DD /* RandomAdviceViewModel.swift in Sources */,
				55FD99191F63F304004950DD /* AppDelegate.swift in Sources */,
				55FD993F1F63F611004950DD /* AdviceService.swift in Sources */,
				55FD99471F63F6B5004950DD /* RandomAdviceViewController.swift in Sources */,
				55FD99411F63F629004950DD /* Advice.swift in Sources */,
			);
			runOnlyForDeploymentPostprocessing = 0;
		};
/* End PBXSourcesBuildPhase section */

/* Begin PBXVariantGroup section */
		55FD99381F63F5D9004950DD /* LaunchScreen.storyboard */ = {
			isa = PBXVariantGroup;
			children = (
				55FD99391F63F5D9004950DD /* Base */,
			);
			name = LaunchScreen.storyboard;
			sourceTree = "<group>";
		};
		55FD993A1F63F5D9004950DD /* Main.storyboard */ = {
			isa = PBXVariantGroup;
			children = (
				55FD993B1F63F5D9004950DD /* Base */,
			);
			name = Main.storyboard;
			sourceTree = "<group>";
		};
/* End PBXVariantGroup section */

/* Begin XCBuildConfiguration section */
		55FD99251F63F305004950DD /* Debug */ = {
			isa = XCBuildConfiguration;
			buildSettings = {
				ALWAYS_SEARCH_USER_PATHS = NO;
				CLANG_ANALYZER_NONNULL = YES;
				CLANG_ANALYZER_NUMBER_OBJECT_CONVERSION = YES_AGGRESSIVE;
				CLANG_CXX_LANGUAGE_STANDARD = "gnu++0x";
				CLANG_CXX_LIBRARY = "libc++";
				CLANG_ENABLE_MODULES = YES;
				CLANG_ENABLE_OBJC_ARC = YES;
				CLANG_WARN_BOOL_CONVERSION = YES;
				CLANG_WARN_CONSTANT_CONVERSION = YES;
				CLANG_WARN_DIRECT_OBJC_ISA_USAGE = YES_ERROR;
				CLANG_WARN_DOCUMENTATION_COMMENTS = YES;
				CLANG_WARN_EMPTY_BODY = YES;
				CLANG_WARN_ENUM_CONVERSION = YES;
				CLANG_WARN_INFINITE_RECURSION = YES;
				CLANG_WARN_INT_CONVERSION = YES;
				CLANG_WARN_OBJC_ROOT_CLASS = YES_ERROR;
				CLANG_WARN_SUSPICIOUS_MOVE = YES;
				CLANG_WARN_UNREACHABLE_CODE = YES;
				CLANG_WARN__DUPLICATE_METHOD_MATCH = YES;
				"CODE_SIGN_IDENTITY[sdk=iphoneos*]" = "iPhone Developer";
				COPY_PHASE_STRIP = NO;
				DEBUG_INFORMATION_FORMAT = dwarf;
				ENABLE_STRICT_OBJC_MSGSEND = YES;
				ENABLE_TESTABILITY = YES;
				GCC_C_LANGUAGE_STANDARD = gnu99;
				GCC_DYNAMIC_NO_PIC = NO;
				GCC_NO_COMMON_BLOCKS = YES;
				GCC_OPTIMIZATION_LEVEL = 0;
				GCC_PREPROCESSOR_DEFINITIONS = (
					"DEBUG=1",
					"$(inherited)",
				);
				GCC_WARN_64_TO_32_BIT_CONVERSION = YES;
				GCC_WARN_ABOUT_RETURN_TYPE = YES_ERROR;
				GCC_WARN_UNDECLARED_SELECTOR = YES;
				GCC_WARN_UNINITIALIZED_AUTOS = YES_AGGRESSIVE;
				GCC_WARN_UNUSED_FUNCTION = YES;
				GCC_WARN_UNUSED_VARIABLE = YES;
				IPHONEOS_DEPLOYMENT_TARGET = 10.3;
				MTL_ENABLE_DEBUG_INFO = YES;
				ONLY_ACTIVE_ARCH = YES;
				SDKROOT = iphoneos;
				SWIFT_ACTIVE_COMPILATION_CONDITIONS = DEBUG;
				SWIFT_OPTIMIZATION_LEVEL = "-Onone";
				TARGETED_DEVICE_FAMILY = "1,2";
			};
			name = Debug;
		};
		55FD99261F63F305004950DD /* Release */ = {
			isa = XCBuildConfiguration;
			buildSettings = {
				ALWAYS_SEARCH_USER_PATHS = NO;
				CLANG_ANALYZER_NONNULL = YES;
				CLANG_ANALYZER_NUMBER_OBJECT_CONVERSION = YES_AGGRESSIVE;
				CLANG_CXX_LANGUAGE_STANDARD = "gnu++0x";
				CLANG_CXX_LIBRARY = "libc++";
				CLANG_ENABLE_MODULES = YES;
				CLANG_ENABLE_OBJC_ARC = YES;
				CLANG_WARN_BOOL_CONVERSION = YES;
				CLANG_WARN_CONSTANT_CONVERSION = YES;
				CLANG_WARN_DIRECT_OBJC_ISA_USAGE = YES_ERROR;
				CLANG_WARN_DOCUMENTATION_COMMENTS = YES;
				CLANG_WARN_EMPTY_BODY = YES;
				CLANG_WARN_ENUM_CONVERSION = YES;
				CLANG_WARN_INFINITE_RECURSION = YES;
				CLANG_WARN_INT_CONVERSION = YES;
				CLANG_WARN_OBJC_ROOT_CLASS = YES_ERROR;
				CLANG_WARN_SUSPICIOUS_MOVE = YES;
				CLANG_WARN_UNREACHABLE_CODE = YES;
				CLANG_WARN__DUPLICATE_METHOD_MATCH = YES;
				"CODE_SIGN_IDENTITY[sdk=iphoneos*]" = "iPhone Developer";
				COPY_PHASE_STRIP = NO;
				DEBUG_INFORMATION_FORMAT = "dwarf-with-dsym";
				ENABLE_NS_ASSERTIONS = NO;
				ENABLE_STRICT_OBJC_MSGSEND = YES;
				GCC_C_LANGUAGE_STANDARD = gnu99;
				GCC_NO_COMMON_BLOCKS = YES;
				GCC_WARN_64_TO_32_BIT_CONVERSION = YES;
				GCC_WARN_ABOUT_RETURN_TYPE = YES_ERROR;
				GCC_WARN_UNDECLARED_SELECTOR = YES;
				GCC_WARN_UNINITIALIZED_AUTOS = YES_AGGRESSIVE;
				GCC_WARN_UNUSED_FUNCTION = YES;
				GCC_WARN_UNUSED_VARIABLE = YES;
				IPHONEOS_DEPLOYMENT_TARGET = 10.3;
				MTL_ENABLE_DEBUG_INFO = NO;
				SDKROOT = iphoneos;
				SWIFT_OPTIMIZATION_LEVEL = "-Owholemodule";
				TARGETED_DEVICE_FAMILY = "1,2";
				VALIDATE_PRODUCT = YES;
			};
			name = Release;
		};
		55FD99281F63F305004950DD /* Debug */ = {
			isa = XCBuildConfiguration;
			buildSettings = {
				ASSETCATALOG_COMPILER_APPICON_NAME = AppIcon;
				INFOPLIST_FILE = "$(SRCROOT)/project02/AppResources/Supporting files/Info.plist";
				IPHONEOS_DEPLOYMENT_TARGET = 8.0;
				LD_RUNPATH_SEARCH_PATHS = "$(inherited) @executable_path/Frameworks";
				PRODUCT_BUNDLE_IDENTIFIER = com.orgname.project02;
				PRODUCT_NAME = "$(TARGET_NAME)";
				SWIFT_VERSION = 3.0;
			};
			name = Debug;
		};
		55FD99291F63F305004950DD /* Release */ = {
			isa = XCBuildConfiguration;
			buildSettings = {
				ASSETCATALOG_COMPILER_APPICON_NAME = AppIcon;
				INFOPLIST_FILE = "$(SRCROOT)/project02/AppResources/Supporting files/Info.plist";
				IPHONEOS_DEPLOYMENT_TARGET = 8.0;
				LD_RUNPATH_SEARCH_PATHS = "$(inherited) @executable_path/Frameworks";
				PRODUCT_BUNDLE_IDENTIFIER = com.orgname.project02;
				PRODUCT_NAME = "$(TARGET_NAME)";
				SWIFT_VERSION = 3.0;
			};
			name = Release;
		};
/* End XCBuildConfiguration section */

/* Begin XCConfigurationList section */
		55FD99101F63F304004950DD /* Build configuration list for PBXProject "project02" */ = {
			isa = XCConfigurationList;
			buildConfigurations = (
				55FD99251F63F305004950DD /* Debug */,
				55FD99261F63F305004950DD /* Release */,
			);
			defaultConfigurationIsVisible = 0;
			defaultConfigurationName = Release;
		};
		55FD99271F63F305004950DD /* Build configuration list for PBXNativeTarget "project02" */ = {
			isa = XCConfigurationList;
			buildConfigurations = (
				55FD99281F63F305004950DD /* Debug */,
				55FD99291F63F305004950DD /* Release */,
			);
			defaultConfigurationIsVisible = 0;
		};
/* End XCConfigurationList section */
	};
	rootObject = 55FD990D1F63F304004950DD /* Project object */;
}
